
Microsoft Visual Studio Solution File, Format Version 12.00
# Visual Studio Version 17
VisualStudioVersion = 17.1.32210.238
MinimumVisualStudioVersion = 10.0.40219.1
Project("{FAE04EC0-301F-11D3-BF4B-00C04F79EFBC}") = "Phoneword.Android", "Phoneword\Phoneword.Android\Phoneword.Android.csproj", "{6C7033F0-2335-4FD0-84C7-91B2F4420C6E}"
EndProject
Project("{FAE04EC0-301F-11D3-BF4B-00C04F79EFBC}") = "Phoneword.iOS", "Phoneword\Phoneword.iOS\Phoneword.iOS.csproj", "{B6E4FBF6-47C6-4CA3-A45B-69141B6226DD}"
EndProject
Project("{9A19103F-16F7-4668-BE54-9A1E7A4F7556}") = "Phoneword", "Phoneword\Phoneword\Phoneword.csproj", "{BE2B9FD7-911F-47A4-8695-2610BA81EA8F}"
EndProject
Global
	GlobalSection(SolutionConfigurationPlatforms) = preSolution
		Debug|Any CPU = Debug|Any CPU
		Debug|iPhone = Debug|iPhone
		Debug|iPhoneSimulator = Debug|iPhoneSimulator
		Release|Any CPU = Release|Any CPU
		Release|iPhone = Release|iPhone
		Release|iPhoneSimulator = Release|iPhoneSimulator
	EndGlobalSection
	GlobalSection(ProjectConfigurationPlatforms) = postSolution
		{6C7033F0-2335-4FD0-84C7-91B2F4420C6E}.Debug|Any CPU.ActiveCfg = Debug|Any CPU
		{6C7033F0-2335-4FD0-84C7-91B2F4420C6E}.Debug|Any CPU.Build.0 = Debug|Any CPU
		{6C7033F0-2335-4FD0-84C7-91B2F4420C6E}.Debug|Any CPU.Deploy.0 = Debug|Any CPU
		{6C7033F0-2335-4FD0-84C7-91B2F4420C6E}.Debug|iPhone.ActiveCfg = Debug|Any CPU
		{6C7033F0-2335-4FD0-84C7-91B2F4420C6E}.Debug|iPhone.Build.0 = Debug|Any CPU
		{6C7033F0-2335-4FD0-84C7-91B2F4420C6E}.Debug|iPhone.Deploy.0 = Debug|Any CPU
		{6C7033F0-2335-4FD0-84C7-91B2F4420C6E}.Debug|iPhoneSimulator.ActiveCfg = Debug|Any CPU
		{6C7033F0-2335-4FD0-84C7-91B2F4420C6E}.Debug|iPhoneSimulator.Build.0 = Debug|Any CPU
		{6C7033F0-2335-4FD0-84C7-91B2F4420C6E}.Debug|iPhoneSimulator.Deploy.0 = Debug|Any CPU
		{6C7033F0-2335-4FD0-84C7-91B2F4420C6E}.Release|Any CPU.ActiveCfg = Release|Any CPU
		{6C7033F0-2335-4FD0-84C7-91B2F4420C6E}.Release|Any CPU.Build.0 = Release|Any CPU
		{6C7033F0-2335-4FD0-84C7-91B2F4420C6E}.Release|Any CPU.Deploy.0 = Release|Any CPU
		{6C7033F0-2335-4FD0-84C7-91B2F4420C6E}.Release|iPhone.ActiveCfg = Release|Any CPU
		{6C7033F0-2335-4FD0-84C7-91B2F4420C6E}.Release|iPhone.Build.0 = Release|Any CPU
		{6C7033F0-2335-4FD0-84C7-91B2F4420C6E}.Release|iPhone.Deploy.0 = Release|Any CPU
		{6C7033F0-2335-4FD0-84C7-91B2F4420C6E}.Release|iPhoneSimulator.ActiveCfg = Release|Any CPU
		{6C7033F0-2335-4FD0-84C7-91B2F4420C6E}.Release|iPhoneSimulator.Build.0 = Release|Any CPU
		{6C7033F0-2335-4FD0-84C7-91B2F4420C6E}.Release|iPhoneSimulator.Deploy.0 = Release|Any CPU
		{B6E4FBF6-47C6-4CA3-A45B-69141B6226DD}.Debug|Any CPU.ActiveCfg = Debug|iPhone
		{B6E4FBF6-47C6-4CA3-A45B-69141B6226DD}.Debug|Any CPU.Build.0 = Debug|iPhone
		{B6E4FBF6-47C6-4CA3-A45B-69141B6226DD}.Debug|Any CPU.Deploy.0 = Debug|iPhone
		{B6E4FBF6-47C6-4CA3-A45B-69141B6226DD}.Debug|iPhone.ActiveCfg = Debug|iPhone
		{B6E4FBF6-47C6-4CA3-A45B-69141B6226DD}.Debug|iPhone.Build.0 = Debug|iPhone
		{B6E4FBF6-47C6-4CA3-A45B-69141B6226DD}.Debug|iPhone.Deploy.0 = Debug|iPhone
		{B6E4FBF6-47C6-4CA3-A45B-69141B6226DD}.Debug|iPhoneSimulator.ActiveCfg = Debug|iPhoneSimulator
		{B6E4FBF6-47C6-4CA3-A45B-69141B6226DD}.Debug|iPhoneSimulator.Build.0 = Debug|iPhoneSimulator
		{B6E4FBF6-47C6-4CA3-A45B-69141B6226DD}.Debug|iPhoneSimulator.Deploy.0 = Debug|iPhoneSimulator
		{B6E4FBF6-47C6-4CA3-A45B-69141B6226DD}.Release|Any CPU.ActiveCfg = Release|iPhoneSimulator
		{B6E4FBF6-47C6-4CA3-A45B-69141B6226DD}.Release|Any CPU.Build.0 = Release|iPhoneSimulator
		{B6E4FBF6-47C6-4CA3-A45B-69141B6226DD}.Release|Any CPU.Deploy.0 = Release|iPhoneSimulator
		{B6E4FBF6-47C6-4CA3-A45B-69141B6226DD}.Release|iPhone.ActiveCfg = Release|iPhone
		{B6E4FBF6-47C6-4CA3-A45B-69141B6226DD}.Release|iPhone.Build.0 = Release|iPhone
		{B6E4FBF6-47C6-4CA3-A45B-69141B6226DD}.Release|iPhone.Deploy.0 = Release|iPhone
		{B6E4FBF6-47C6-4CA3-A45B-69141B6226DD}.Release|iPhoneSimulator.ActiveCfg = Release|iPhoneSimulator
		{B6E4FBF6-47C6-4CA3-A45B-69141B6226DD}.Release|iPhoneSimulator.Build.0 = Release|iPhoneSimulator
		{B6E4FBF6-47C6-4CA3-A45B-69141B6226DD}.Release|iPhoneSimulator.Deploy.0 = Release|iPhoneSimulator
		{BE2B9FD7-911F-47A4-8695-2610BA81EA8F}.Debug|Any CPU.ActiveCfg = Debug|Any CPU
		{BE2B9FD7-911F-47A4-8695-2610BA81EA8F}.Debug|Any CPU.Build.0 = Debug|Any CPU
		{BE2B9FD7-911F-47A4-8695-2610BA81EA8F}.Debug|Any CPU.Deploy.0 = Debug|Any CPU
		{BE2B9FD7-911F-47A4-8695-2610BA81EA8F}.Debug|iPhone.ActiveCfg = Debug|Any CPU
		{BE2B9FD7-911F-47A4-8695-2610BA81EA8F}.Debug|iPhone.Build.0 = Debug|Any CPU
		{BE2B9FD7-911F-47A4-8695-2610BA81EA8F}.Debug|iPhone.Deploy.0 = Debug|Any CPU
		{BE2B9FD7-911F-47A4-8695-2610BA81EA8F}.Debug|iPhoneSimulator.ActiveCfg = Debug|Any CPU
		{BE2B9FD7-911F-47A4-8695-2610BA81EA8F}.Debug|iPhoneSimulator.Build.0 = Debug|Any CPU
		{BE2B9FD7-911F-47A4-8695-2610BA81EA8F}.Debug|iPhoneSimulator.Deploy.0 = Debug|Any CPU
		{BE2B9FD7-911F-47A4-8695-2610BA81EA8F}.Release|Any CPU.ActiveCfg = Release|Any CPU
		{BE2B9FD7-911F-47A4-8695-2610BA81EA8F}.Release|Any CPU.Build.0 = Release|Any CPU
		{BE2B9FD7-911F-47A4-8695-2610BA81EA8F}.Release|Any CPU.Deploy.0 = Release|Any CPU
		{BE2B9FD7-911F-47A4-8695-2610BA81EA8F}.Release|iPhone.ActiveCfg = Release|Any CPU
		{BE2B9FD7-911F-47A4-8695-2610BA81EA8F}.Release|iPhone.Build.0 = Release|Any CPU
		{BE2B9FD7-911F-47A4-8695-2610BA81EA8F}.Release|iPhone.Deploy.0 = Release|Any CPU
		{BE2B9FD7-911F-47A4-8695-2610BA81EA8F}.Release|iPhoneSimulator.ActiveCfg = Release|Any CPU
		{BE2B9FD7-911F-47A4-8695-2610BA81EA8F}.Release|iPhoneSimulator.Build.0 = Release|Any CPU
		{BE2B9FD7-911F-47A4-8695-2610BA81EA8F}.Release|iPhoneSimulator.Deploy.0 = Release|Any CPU
	EndGlobalSection
	GlobalSection(SolutionProperties) = preSolution
		HideSolutionNode = FALSE
	EndGlobalSection
	GlobalSection(ExtensibilityGlobals) = postSolution
		SolutionGuid = {E7CFB2D4-2108-4D00-80E0-13959FFF68DC}
	EndGlobalSection
EndGlobal
